
Microsoft Visual Studio Solution File, Format Version 12.00
# Visual Studio Version 17
VisualStudioVersion = 17.10.35027.167
MinimumVisualStudioVersion = 10.0.40219.1
Project("{FAE04EC0-301F-11D3-BF4B-00C04F79EFBC}") = "BlogWeb.API", "BlogWeb.API\BlogWeb.API.csproj", "{613731EE-3E3E-4DB6-9881-3BA2D8DA27EA}"
EndProject
Global
	GlobalSection(SolutionConfigurationPlatforms) = preSolution
		Debug|Any CPU = Debug|Any CPU
		Release|Any CPU = Release|Any CPU
	EndGlobalSection
	GlobalSection(ProjectConfigurationPlatforms) = postSolution
		{613731EE-3E3E-4DB6-9881-3BA2D8DA27EA}.Debug|Any CPU.ActiveCfg = Debug|Any CPU
		{613731EE-3E3E-4DB6-9881-3BA2D8DA27EA}.Debug|Any CPU.Build.0 = Debug|Any CPU
		{613731EE-3E3E-4DB6-9881-3BA2D8DA27EA}.Release|Any CPU.ActiveCfg = Release|Any CPU
		{613731EE-3E3E-4DB6-9881-3BA2D8DA27EA}.Release|Any CPU.Build.0 = Release|Any CPU
	EndGlobalSection
	GlobalSection(SolutionProperties) = preSolution
		HideSolutionNode = FALSE
	EndGlobalSection
	GlobalSection(ExtensibilityGlobals) = postSolution
		SolutionGuid = {04098C51-36BC-4F9F-895F-9C6D6AB8C7C7}
	EndGlobalSection
EndGlobal
